{
  "requires": true,
  "lockfileVersion": 1,
  "dependencies": {
    "crip-vue-loading": {
      "version": "1.2.5",
      "resolved": "https://registry.npmjs.org/crip-vue-loading/-/crip-vue-loading-1.2.5.tgz",
      "integrity": "sha512-Gqpe8w0KIeXvl3FeJC2BuP/CZG3HQ48q40rAZQIxoBR2AiklYuG/U2RWAqCHO7GDWTti9zbcaCvqk3D+HFAjJQ=="
    }
  }
}
